// !$*UTF8*$!
{
	archiveVersion = 1;
	classes = {
	};
	objectVersion = 56;
	objects = {

/* Begin PBXBuildFile section */
		67E9678A2BC570E800A620C9 /* swiftpracticeApp.swift in Sources */ = {isa = PBXBuildFile; fileRef = 67E967892BC570E800A620C9 /* swiftpracticeApp.swift */; };
		67E9678C2BC570E800A620C9 /* ContentView.swift in Sources */ = {isa = PBXBuildFile; fileRef = 67E9678B2BC570E800A620C9 /* ContentView.swift */; };
		67E9678E2BC570E900A620C9 /* Assets.xcassets in Resources */ = {isa = PBXBuildFile; fileRef = 67E9678D2BC570E900A620C9 /* Assets.xcassets */; };
		67E967912BC570E900A620C9 /* Preview Assets.xcassets in Resources */ = {isa = PBXBuildFile; fileRef = 67E967902BC570E900A620C9 /* Preview Assets.xcassets */; };
		67E967982BC574A700A620C9 /* TabViewBootCamp.swift in Sources */ = {isa = PBXBuildFile; fileRef = 67E967972BC574A700A620C9 /* TabViewBootCamp.swift */; };
		67E9679A2BC57AAF00A620C9 /* NewTabViewBootCamp.swift in Sources */ = {isa = PBXBuildFile; fileRef = 67E967992BC57AAF00A620C9 /* NewTabViewBootCamp.swift */; };
		67E9679C2BC6C37A00A620C9 /* IfGuardLetBootCamp.swift in Sources */ = {isa = PBXBuildFile; fileRef = 67E9679B2BC6C37A00A620C9 /* IfGuardLetBootCamp.swift */; };
		67E9679E2BC6D07100A620C9 /* TapGestureBootcamp.swift in Sources */ = {isa = PBXBuildFile; fileRef = 67E9679D2BC6D07100A620C9 /* TapGestureBootcamp.swift */; };
		67E967A02BC6FAA900A620C9 /* ModelBootcamp.swift in Sources */ = {isa = PBXBuildFile; fileRef = 67E9679F2BC6FAA900A620C9 /* ModelBootcamp.swift */; };
		67E967A22BC7153600A620C9 /* ViewModelBootcamp.swift in Sources */ = {isa = PBXBuildFile; fileRef = 67E967A12BC7153600A620C9 /* ViewModelBootcamp.swift */; };
		67E967A42BC8014100A620C9 /* EnviromentObjectBootcamp.swift in Sources */ = {isa = PBXBuildFile; fileRef = 67E967A32BC8014100A620C9 /* EnviromentObjectBootcamp.swift */; };
		67E967A62BC80CB700A620C9 /* EnviromentObjectBootcampNOTUSINGENVVAR.swift in Sources */ = {isa = PBXBuildFile; fileRef = 67E967A52BC80CB700A620C9 /* EnviromentObjectBootcampNOTUSINGENVVAR.swift */; };
		67E967A82BC817FD00A620C9 /* AppStorageBootcamp.swift in Sources */ = {isa = PBXBuildFile; fileRef = 67E967A72BC817FC00A620C9 /* AppStorageBootcamp.swift */; };
		67E967AB2BC84F0E00A620C9 /* IntroView.swift in Sources */ = {isa = PBXBuildFile; fileRef = 67E967AA2BC84F0E00A620C9 /* IntroView.swift */; };
		67E967AD2BC851C800A620C9 /* OnboardingView.swift in Sources */ = {isa = PBXBuildFile; fileRef = 67E967AC2BC851C800A620C9 /* OnboardingView.swift */; };
		67E967AF2BC9ABE200A620C9 /* ProfileView.swift in Sources */ = {isa = PBXBuildFile; fileRef = 67E967AE2BC9ABE200A620C9 /* ProfileView.swift */; };
/* End PBXBuildFile section */

/* Begin PBXFileReference section */
		67E967862BC570E800A620C9 /* swiftpractice.app */ = {isa = PBXFileReference; explicitFileType = wrapper.application; includeInIndex = 0; path = swiftpractice.app; sourceTree = BUILT_PRODUCTS_DIR; };
		67E967892BC570E800A620C9 /* swiftpracticeApp.swift */ = {isa = PBXFileReference; lastKnownFileType = sourcecode.swift; path = swiftpracticeApp.swift; sourceTree = "<group>"; };
		67E9678B2BC570E800A620C9 /* ContentView.swift */ = {isa = PBXFileReference; lastKnownFileType = sourcecode.swift; path = ContentView.swift; sourceTree = "<group>"; };
		67E9678D2BC570E900A620C9 /* Assets.xcassets */ = {isa = PBXFileReference; lastKnownFileType = folder.assetcatalog; path = Assets.xcassets; sourceTree = "<group>"; };
		67E967902BC570E900A620C9 /* Preview Assets.xcassets */ = {isa = PBXFileReference; lastKnownFileType = folder.assetcatalog; path = "Preview Assets.xcassets"; sourceTree = "<group>"; };
		67E967972BC574A700A620C9 /* TabViewBootCamp.swift */ = {isa = PBXFileReference; lastKnownFileType = sourcecode.swift; path = TabViewBootCamp.swift; sourceTree = "<group>"; };
		67E967992BC57AAF00A620C9 /* NewTabViewBootCamp.swift */ = {isa = PBXFileReference; lastKnownFileType = sourcecode.swift; path = NewTabViewBootCamp.swift; sourceTree = "<group>"; };
		67E9679B2BC6C37A00A620C9 /* IfGuardLetBootCamp.swift */ = {isa = PBXFileReference; lastKnownFileType = sourcecode.swift; path = IfGuardLetBootCamp.swift; sourceTree = "<group>"; };
		67E9679D2BC6D07100A620C9 /* TapGestureBootcamp.swift */ = {isa = PBXFileReference; lastKnownFileType = sourcecode.swift; path = TapGestureBootcamp.swift; sourceTree = "<group>"; };
		67E9679F2BC6FAA900A620C9 /* ModelBootcamp.swift */ = {isa = PBXFileReference; lastKnownFileType = sourcecode.swift; path = ModelBootcamp.swift; sourceTree = "<group>"; };
		67E967A12BC7153600A620C9 /* ViewModelBootcamp.swift */ = {isa = PBXFileReference; lastKnownFileType = sourcecode.swift; path = ViewModelBootcamp.swift; sourceTree = "<group>"; };
		67E967A32BC8014100A620C9 /* EnviromentObjectBootcamp.swift */ = {isa = PBXFileReference; lastKnownFileType = sourcecode.swift; path = EnviromentObjectBootcamp.swift; sourceTree = "<group>"; };
		67E967A52BC80CB700A620C9 /* EnviromentObjectBootcampNOTUSINGENVVAR.swift */ = {isa = PBXFileReference; lastKnownFileType = sourcecode.swift; path = EnviromentObjectBootcampNOTUSINGENVVAR.swift; sourceTree = "<group>"; };
		67E967A72BC817FC00A620C9 /* AppStorageBootcamp.swift */ = {isa = PBXFileReference; lastKnownFileType = sourcecode.swift; path = AppStorageBootcamp.swift; sourceTree = "<group>"; };
		67E967AA2BC84F0E00A620C9 /* IntroView.swift */ = {isa = PBXFileReference; lastKnownFileType = sourcecode.swift; path = IntroView.swift; sourceTree = "<group>"; };
		67E967AC2BC851C800A620C9 /* OnboardingView.swift */ = {isa = PBXFileReference; lastKnownFileType = sourcecode.swift; path = OnboardingView.swift; sourceTree = "<group>"; };
		67E967AE2BC9ABE200A620C9 /* ProfileView.swift */ = {isa = PBXFileReference; lastKnownFileType = sourcecode.swift; path = ProfileView.swift; sourceTree = "<group>"; };
/* End PBXFileReference section */

/* Begin PBXFrameworksBuildPhase section */
		67E967832BC570E800A620C9 /* Frameworks */ = {
			isa = PBXFrameworksBuildPhase;
			buildActionMask = 2147483647;
			files = (
			);
			runOnlyForDeploymentPostprocessing = 0;
		};
/* End PBXFrameworksBuildPhase section */

/* Begin PBXGroup section */
		67E9677D2BC570E800A620C9 = {
			isa = PBXGroup;
			children = (
				67E967882BC570E800A620C9 /* swiftpractice */,
				67E967872BC570E800A620C9 /* Products */,
			);
			sourceTree = "<group>";
		};
		67E967872BC570E800A620C9 /* Products */ = {
			isa = PBXGroup;
			children = (
				67E967862BC570E800A620C9 /* swiftpractice.app */,
			);
			name = Products;
			sourceTree = "<group>";
		};
		67E967882BC570E800A620C9 /* swiftpractice */ = {
			isa = PBXGroup;
			children = (
				67E967892BC570E800A620C9 /* swiftpracticeApp.swift */,
				67E9678B2BC570E800A620C9 /* ContentView.swift */,
				67E9678D2BC570E900A620C9 /* Assets.xcassets */,
				67E9678F2BC570E900A620C9 /* Preview Content */,
				67E967972BC574A700A620C9 /* TabViewBootCamp.swift */,
				67E967A72BC817FC00A620C9 /* AppStorageBootcamp.swift */,
				67E967A92BC84E6300A620C9 /* OnboardingViews */,
			);
			path = swiftpractice;
			sourceTree = "<group>";
		};
		67E9678F2BC570E900A620C9 /* Preview Content */ = {
			isa = PBXGroup;
			children = (
				67E967902BC570E900A620C9 /* Preview Assets.xcassets */,
				67E967992BC57AAF00A620C9 /* NewTabViewBootCamp.swift */,
				67E9679B2BC6C37A00A620C9 /* IfGuardLetBootCamp.swift */,
				67E9679D2BC6D07100A620C9 /* TapGestureBootcamp.swift */,
				67E9679F2BC6FAA900A620C9 /* ModelBootcamp.swift */,
				67E967A12BC7153600A620C9 /* ViewModelBootcamp.swift */,
				67E967A32BC8014100A620C9 /* EnviromentObjectBootcamp.swift */,
				67E967A52BC80CB700A620C9 /* EnviromentObjectBootcampNOTUSINGENVVAR.swift */,
			);
			path = "Preview Content";
			sourceTree = "<group>";
		};
		67E967A92BC84E6300A620C9 /* OnboardingViews */ = {
			isa = PBXGroup;
			children = (
				67E967AA2BC84F0E00A620C9 /* IntroView.swift */,
				67E967AC2BC851C800A620C9 /* OnboardingView.swift */,
				67E967AE2BC9ABE200A620C9 /* ProfileView.swift */,
			);
			path = OnboardingViews;
			sourceTree = "<group>";
		};
/* End PBXGroup section */

/* Begin PBXNativeTarget section */
		67E967852BC570E800A620C9 /* swiftpractice */ = {
			isa = PBXNativeTarget;
			buildConfigurationList = 67E967942BC570E900A620C9 /* Build configuration list for PBXNativeTarget "swiftpractice" */;
			buildPhases = (
				67E967822BC570E800A620C9 /* Sources */,
				67E967832BC570E800A620C9 /* Frameworks */,
				67E967842BC570E800A620C9 /* Resources */,
			);
			buildRules = (
			);
			dependencies = (
			);
			name = swiftpractice;
			productName = swiftpractice;
			productReference = 67E967862BC570E800A620C9 /* swiftpractice.app */;
			productType = "com.apple.product-type.application";
		};
/* End PBXNativeTarget section */

/* Begin PBXProject section */
		67E9677E2BC570E800A620C9 /* Project object */ = {
			isa = PBXProject;
			attributes = {
				BuildIndependentTargetsInParallel = 1;
				LastSwiftUpdateCheck = 1530;
				LastUpgradeCheck = 1530;
				TargetAttributes = {
					67E967852BC570E800A620C9 = {
						CreatedOnToolsVersion = 15.3;
					};
				};
			};
			buildConfigurationList = 67E967812BC570E800A620C9 /* Build configuration list for PBXProject "swiftpractice" */;
			compatibilityVersion = "Xcode 14.0";
			developmentRegion = en;
			hasScannedForEncodings = 0;
			knownRegions = (
				en,
				Base,
			);
			mainGroup = 67E9677D2BC570E800A620C9;
			productRefGroup = 67E967872BC570E800A620C9 /* Products */;
			projectDirPath = "";
			projectRoot = "";
			targets = (
				67E967852BC570E800A620C9 /* swiftpractice */,
			);
		};
/* End PBXProject section */

/* Begin PBXResourcesBuildPhase section */
		67E967842BC570E800A620C9 /* Resources */ = {
			isa = PBXResourcesBuildPhase;
			buildActionMask = 2147483647;
			files = (
				67E967912BC570E900A620C9 /* Preview Assets.xcassets in Resources */,
				67E9678E2BC570E900A620C9 /* Assets.xcassets in Resources */,
			);
			runOnlyForDeploymentPostprocessing = 0;
		};
/* End PBXResourcesBuildPhase section */

/* Begin PBXSourcesBuildPhase section */
		67E967822BC570E800A620C9 /* Sources */ = {
			isa = PBXSourcesBuildPhase;
			buildActionMask = 2147483647;
			files = (
				67E967A02BC6FAA900A620C9 /* ModelBootcamp.swift in Sources */,
				67E9679C2BC6C37A00A620C9 /* IfGuardLetBootCamp.swift in Sources */,
				67E9679A2BC57AAF00A620C9 /* NewTabViewBootCamp.swift in Sources */,
				67E967A22BC7153600A620C9 /* ViewModelBootcamp.swift in Sources */,
				67E9679E2BC6D07100A620C9 /* TapGestureBootcamp.swift in Sources */,
				67E967AB2BC84F0E00A620C9 /* IntroView.swift in Sources */,
				67E967982BC574A700A620C9 /* TabViewBootCamp.swift in Sources */,
				67E967A82BC817FD00A620C9 /* AppStorageBootcamp.swift in Sources */,
				67E9678C2BC570E800A620C9 /* ContentView.swift in Sources */,
				67E967A62BC80CB700A620C9 /* EnviromentObjectBootcampNOTUSINGENVVAR.swift in Sources */,
				67E967A42BC8014100A620C9 /* EnviromentObjectBootcamp.swift in Sources */,
				67E967AD2BC851C800A620C9 /* OnboardingView.swift in Sources */,
				67E967AF2BC9ABE200A620C9 /* ProfileView.swift in Sources */,
				67E9678A2BC570E800A620C9 /* swiftpracticeApp.swift in Sources */,
			);
			runOnlyForDeploymentPostprocessing = 0;
		};
/* End PBXSourcesBuildPhase section */

/* Begin XCBuildConfiguration section */
		67E967922BC570E900A620C9 /* Debug */ = {
			isa = XCBuildConfiguration;
			buildSettings = {
				ALWAYS_SEARCH_USER_PATHS = NO;
				ASSETCATALOG_COMPILER_GENERATE_SWIFT_ASSET_SYMBOL_EXTENSIONS = YES;
				CLANG_ANALYZER_NONNULL = YES;
				CLANG_ANALYZER_NUMBER_OBJECT_CONVERSION = YES_AGGRESSIVE;
				CLANG_CXX_LANGUAGE_STANDARD = "gnu++20";
				CLANG_ENABLE_MODULES = YES;
				CLANG_ENABLE_OBJC_ARC = YES;
				CLANG_ENABLE_OBJC_WEAK = YES;
				CLANG_WARN_BLOCK_CAPTURE_AUTORELEASING = YES;
				CLANG_WARN_BOOL_CONVERSION = YES;
				CLANG_WARN_COMMA = YES;
				CLANG_WARN_CONSTANT_CONVERSION = YES;
				CLANG_WARN_DEPRECATED_OBJC_IMPLEMENTATIONS = YES;
				CLANG_WARN_DIRECT_OBJC_ISA_USAGE = YES_ERROR;
				CLANG_WARN_DOCUMENTATION_COMMENTS = YES;
				CLANG_WARN_EMPTY_BODY = YES;
				CLANG_WARN_ENUM_CONVERSION = YES;
				CLANG_WARN_INFINITE_RECURSION = YES;
				CLANG_WARN_INT_CONVERSION = YES;
				CLANG_WARN_NON_LITERAL_NULL_CONVERSION = YES;
				CLANG_WARN_OBJC_IMPLICIT_RETAIN_SELF = YES;
				CLANG_WARN_OBJC_LITERAL_CONVERSION = YES;
				CLANG_WARN_OBJC_ROOT_CLASS = YES_ERROR;
				CLANG_WARN_QUOTED_INCLUDE_IN_FRAMEWORK_HEADER = YES;
				CLANG_WARN_RANGE_LOOP_ANALYSIS = YES;
				CLANG_WARN_STRICT_PROTOTYPES = YES;
				CLANG_WARN_SUSPICIOUS_MOVE = YES;
				CLANG_WARN_UNGUARDED_AVAILABILITY = YES_AGGRESSIVE;
				CLANG_WARN_UNREACHABLE_CODE = YES;
				CLANG_WARN__DUPLICATE_METHOD_MATCH = YES;
				COPY_PHASE_STRIP = NO;
				DEBUG_INFORMATION_FORMAT = dwarf;
				ENABLE_STRICT_OBJC_MSGSEND = YES;
				ENABLE_TESTABILITY = YES;
				ENABLE_USER_SCRIPT_SANDBOXING = YES;
				GCC_C_LANGUAGE_STANDARD = gnu17;
				GCC_DYNAMIC_NO_PIC = NO;
				GCC_NO_COMMON_BLOCKS = YES;
				GCC_OPTIMIZATION_LEVEL = 0;
				GCC_PREPROCESSOR_DEFINITIONS = (
					"DEBUG=1",
					"$(inherited)",
				);
				GCC_WARN_64_TO_32_BIT_CONVERSION = YES;
				GCC_WARN_ABOUT_RETURN_TYPE = YES_ERROR;
				GCC_WARN_UNDECLARED_SELECTOR = YES;
				GCC_WARN_UNINITIALIZED_AUTOS = YES_AGGRESSIVE;
				GCC_WARN_UNUSED_FUNCTION = YES;
				GCC_WARN_UNUSED_VARIABLE = YES;
				IPHONEOS_DEPLOYMENT_TARGET = 17.4;
				LOCALIZATION_PREFERS_STRING_CATALOGS = YES;
				MTL_ENABLE_DEBUG_INFO = INCLUDE_SOURCE;
				MTL_FAST_MATH = YES;
				ONLY_ACTIVE_ARCH = YES;
				SDKROOT = iphoneos;
				SWIFT_ACTIVE_COMPILATION_CONDITIONS = "DEBUG $(inherited)";
				SWIFT_OPTIMIZATION_LEVEL = "-Onone";
			};
			name = Debug;
		};
		67E967932BC570E900A620C9 /* Release */ = {
			isa = XCBuildConfiguration;
			buildSettings = {
				ALWAYS_SEARCH_USER_PATHS = NO;
				ASSETCATALOG_COMPILER_GENERATE_SWIFT_ASSET_SYMBOL_EXTENSIONS = YES;
				CLANG_ANALYZER_NONNULL = YES;
				CLANG_ANALYZER_NUMBER_OBJECT_CONVERSION = YES_AGGRESSIVE;
				CLANG_CXX_LANGUAGE_STANDARD = "gnu++20";
				CLANG_ENABLE_MODULES = YES;
				CLANG_ENABLE_OBJC_ARC = YES;
				CLANG_ENABLE_OBJC_WEAK = YES;
				CLANG_WARN_BLOCK_CAPTURE_AUTORELEASING = YES;
				CLANG_WARN_BOOL_CONVERSION = YES;
				CLANG_WARN_COMMA = YES;
				CLANG_WARN_CONSTANT_CONVERSION = YES;
				CLANG_WARN_DEPRECATED_OBJC_IMPLEMENTATIONS = YES;
				CLANG_WARN_DIRECT_OBJC_ISA_USAGE = YES_ERROR;
				CLANG_WARN_DOCUMENTATION_COMMENTS = YES;
				CLANG_WARN_EMPTY_BODY = YES;
				CLANG_WARN_ENUM_CONVERSION = YES;
				CLANG_WARN_INFINITE_RECURSION = YES;
				CLANG_WARN_INT_CONVERSION = YES;
				CLANG_WARN_NON_LITERAL_NULL_CONVERSION = YES;
				CLANG_WARN_OBJC_IMPLICIT_RETAIN_SELF = YES;
				CLANG_WARN_OBJC_LITERAL_CONVERSION = YES;
				CLANG_WARN_OBJC_ROOT_CLASS = YES_ERROR;
				CLANG_WARN_QUOTED_INCLUDE_IN_FRAMEWORK_HEADER = YES;
				CLANG_WARN_RANGE_LOOP_ANALYSIS = YES;
				CLANG_WARN_STRICT_PROTOTYPES = YES;
				CLANG_WARN_SUSPICIOUS_MOVE = YES;
				CLANG_WARN_UNGUARDED_AVAILABILITY = YES_AGGRESSIVE;
				CLANG_WARN_UNREACHABLE_CODE = YES;
				CLANG_WARN__DUPLICATE_METHOD_MATCH = YES;
				COPY_PHASE_STRIP = NO;
				DEBUG_INFORMATION_FORMAT = "dwarf-with-dsym";
				ENABLE_NS_ASSERTIONS = NO;
				ENABLE_STRICT_OBJC_MSGSEND = YES;
				ENABLE_USER_SCRIPT_SANDBOXING = YES;
				GCC_C_LANGUAGE_STANDARD = gnu17;
				GCC_NO_COMMON_BLOCKS = YES;
				GCC_WARN_64_TO_32_BIT_CONVERSION = YES;
				GCC_WARN_ABOUT_RETURN_TYPE = YES_ERROR;
				GCC_WARN_UNDECLARED_SELECTOR = YES;
				GCC_WARN_UNINITIALIZED_AUTOS = YES_AGGRESSIVE;
				GCC_WARN_UNUSED_FUNCTION = YES;
				GCC_WARN_UNUSED_VARIABLE = YES;
				IPHONEOS_DEPLOYMENT_TARGET = 17.4;
				LOCALIZATION_PREFERS_STRING_CATALOGS = YES;
				MTL_ENABLE_DEBUG_INFO = NO;
				MTL_FAST_MATH = YES;
				SDKROOT = iphoneos;
				SWIFT_COMPILATION_MODE = wholemodule;
				VALIDATE_PRODUCT = YES;
			};
			name = Release;
		};
		67E967952BC570E900A620C9 /* Debug */ = {
			isa = XCBuildConfiguration;
			buildSettings = {
				ASSETCATALOG_COMPILER_APPICON_NAME = AppIcon;
				ASSETCATALOG_COMPILER_GLOBAL_ACCENT_COLOR_NAME = AccentColor;
				CODE_SIGN_STYLE = Automatic;
				CURRENT_PROJECT_VERSION = 1;
				DEVELOPMENT_ASSET_PATHS = "\"swiftpractice/Preview Content\"";
				DEVELOPMENT_TEAM = T725C25N3U;
				ENABLE_PREVIEWS = YES;
				GENERATE_INFOPLIST_FILE = YES;
				INFOPLIST_KEY_UIApplicationSceneManifest_Generation = YES;
				INFOPLIST_KEY_UIApplicationSupportsIndirectInputEvents = YES;
				INFOPLIST_KEY_UILaunchScreen_Generation = YES;
				INFOPLIST_KEY_UISupportedInterfaceOrientations_iPad = "UIInterfaceOrientationPortrait UIInterfaceOrientationPortraitUpsideDown UIInterfaceOrientationLandscapeLeft UIInterfaceOrientationLandscapeRight";
				INFOPLIST_KEY_UISupportedInterfaceOrientations_iPhone = "UIInterfaceOrientationPortrait UIInterfaceOrientationLandscapeLeft UIInterfaceOrientationLandscapeRight";
				LD_RUNPATH_SEARCH_PATHS = (
					"$(inherited)",
					"@executable_path/Frameworks",
				);
				MARKETING_VERSION = 1.0;
				PRODUCT_BUNDLE_IDENTIFIER = com.practice.swiftpractice;
				PRODUCT_NAME = "$(TARGET_NAME)";
				SWIFT_EMIT_LOC_STRINGS = YES;
				SWIFT_VERSION = 5.0;
				TARGETED_DEVICE_FAMILY = "1,2";
			};
			name = Debug;
		};
		67E967962BC570E900A620C9 /* Release */ = {
			isa = XCBuildConfiguration;
			buildSettings = {
				ASSETCATALOG_COMPILER_APPICON_NAME = AppIcon;
				ASSETCATALOG_COMPILER_GLOBAL_ACCENT_COLOR_NAME = AccentColor;
				CODE_SIGN_STYLE = Automatic;
				CURRENT_PROJECT_VERSION = 1;
				DEVELOPMENT_ASSET_PATHS = "\"swiftpractice/Preview Content\"";
				DEVELOPMENT_TEAM = T725C25N3U;
				ENABLE_PREVIEWS = YES;
				GENERATE_INFOPLIST_FILE = YES;
				INFOPLIST_KEY_UIApplicationSceneManifest_Generation = YES;
				INFOPLIST_KEY_UIApplicationSupportsIndirectInputEvents = YES;
				INFOPLIST_KEY_UILaunchScreen_Generation = YES;
				INFOPLIST_KEY_UISupportedInterfaceOrientations_iPad = "UIInterfaceOrientationPortrait UIInterfaceOrientationPortraitUpsideDown UIInterfaceOrientationLandscapeLeft UIInterfaceOrientationLandscapeRight";
				INFOPLIST_KEY_UISupportedInterfaceOrientations_iPhone = "UIInterfaceOrientationPortrait UIInterfaceOrientationLandscapeLeft UIInterfaceOrientationLandscapeRight";
				LD_RUNPATH_SEARCH_PATHS = (
					"$(inherited)",
					"@executable_path/Frameworks",
				);
				MARKETING_VERSION = 1.0;
				PRODUCT_BUNDLE_IDENTIFIER = com.practice.swiftpractice;
				PRODUCT_NAME = "$(TARGET_NAME)";
				SWIFT_EMIT_LOC_STRINGS = YES;
				SWIFT_VERSION = 5.0;
				TARGETED_DEVICE_FAMILY = "1,2";
			};
			name = Release;
		};
/* End XCBuildConfiguration section */

/* Begin XCConfigurationList section */
		67E967812BC570E800A620C9 /* Build configuration list for PBXProject "swiftpractice" */ = {
			isa = XCConfigurationList;
			buildConfigurations = (
				67E967922BC570E900A620C9 /* Debug */,
				67E967932BC570E900A620C9 /* Release */,
			);
			defaultConfigurationIsVisible = 0;
			defaultConfigurationName = Release;
		};
		67E967942BC570E900A620C9 /* Build configuration list for PBXNativeTarget "swiftpractice" */ = {
			isa = XCConfigurationList;
			buildConfigurations = (
				67E967952BC570E900A620C9 /* Debug */,
				67E967962BC570E900A620C9 /* Release */,
			);
			defaultConfigurationIsVisible = 0;
			defaultConfigurationName = Release;
		};
/* End XCConfigurationList section */
	};
	rootObject = 67E9677E2BC570E800A620C9 /* Project object */;
}
